{
  "name": "meseria",
  "lockfileVersion": 3,
  "requires": true,
  "packages": {
    "": {
      "dependencies": {
        "react": "^19.1.1",
        "sweetalert2": "^11.23.0"
      }
    },
    "node_modules/react": {
      "version": "19.1.1",
      "resolved": "https://registry.npmjs.org/react/-/react-19.1.1.tgz",
      "integrity": "sha512-w8nqGImo45dmMIfljjMwOGtbmC/mk4CMYhWIicdSflH91J9TyCyczcPFXJzrZ/ZXcgGRFeP6BU0BEJTw6tZdfQ==",
      "license": "MIT",
      "engines": {
        "node": ">=0.10.0"
      }
    },
    "node_modules/sweetalert2": {
      "version": "11.23.0",
      "resolved": "https://registry.npmjs.org/sweetalert2/-/sweetalert2-11.23.0.tgz",
      "integrity": "sha512-cKzzbC3C1sIs7o9XAMw4E8F9kBtGXsBDUsd2JZ8JM/dqa+nzWwSGM+9LLYILZWzWHzX9W+HJNHyBlbHPVS/krw==",
      "license": "MIT",
      "funding": {
        "type": "individual",
        "url": "https://github.com/sponsors/limonte"
      }
    }
  }
}
